// !$*UTF8*$!
{
	archiveVersion = 1;
	classes = {
	};
	objectVersion = 46;
	objects = {

/* Begin PBXBuildFile section */
		6713574220961E750041967B /* TableViewDynamicCell.swift in Sources */ = {isa = PBXBuildFile; fileRef = 6713574020961E750041967B /* TableViewDynamicCell.swift */; };
		6713574320961E750041967B /* TableViewDynamicCell.xib in Resources */ = {isa = PBXBuildFile; fileRef = 6713574120961E750041967B /* TableViewDynamicCell.xib */; };
		67661E22207522C5006FF2BB /* UISearchBar+Extension.swift in Sources */ = {isa = PBXBuildFile; fileRef = 67661E21207522C5006FF2BB /* UISearchBar+Extension.swift */; };
		67661E24207524CF006FF2BB /* UIColor+Extension.swift in Sources */ = {isa = PBXBuildFile; fileRef = 67661E23207524CF006FF2BB /* UIColor+Extension.swift */; };
		676A6C1D208CB31900666164 /* SearchResultsViewController.swift in Sources */ = {isa = PBXBuildFile; fileRef = 676A6C1C208CB31900666164 /* SearchResultsViewController.swift */; };
		676B66B0207E55FB00A240E0 /* SearchCollectionViewCell.swift in Sources */ = {isa = PBXBuildFile; fileRef = 676B66AE207E55FB00A240E0 /* SearchCollectionViewCell.swift */; };
		676B66B1207E55FB00A240E0 /* SearchCollectionViewCell.xib in Resources */ = {isa = PBXBuildFile; fileRef = 676B66AF207E55FB00A240E0 /* SearchCollectionViewCell.xib */; };
		67ADA6AF207781BF000E54E7 /* UIDevice+Extension.swift in Sources */ = {isa = PBXBuildFile; fileRef = 67ADA6AE207781BF000E54E7 /* UIDevice+Extension.swift */; };
		67ADA6B120779A5F000E54E7 /* Helper.swift in Sources */ = {isa = PBXBuildFile; fileRef = 67ADA6B020779A5F000E54E7 /* Helper.swift */; };
		67CDA4BB20920D66008F9BB5 /* String+Extension.swift in Sources */ = {isa = PBXBuildFile; fileRef = 67CDA4BA20920D66008F9BB5 /* String+Extension.swift */; };
		67F6A53E207E05C900773BDC /* SearchFeaturesViewController.swift in Sources */ = {isa = PBXBuildFile; fileRef = 67F6A53D207E05C900773BDC /* SearchFeaturesViewController.swift */; };
		7F0098591F4B3CE600F9B7C4 /* AppDelegate.swift in Sources */ = {isa = PBXBuildFile; fileRef = 7F0098581F4B3CE600F9B7C4 /* AppDelegate.swift */; };
		7F00985B1F4B3CE600F9B7C4 /* GlobalPositionViewController.swift in Sources */ = {isa = PBXBuildFile; fileRef = 7F00985A1F4B3CE600F9B7C4 /* GlobalPositionViewController.swift */; };
		7F00985E1F4B3CE600F9B7C4 /* Main.storyboard in Resources */ = {isa = PBXBuildFile; fileRef = 7F00985C1F4B3CE600F9B7C4 /* Main.storyboard */; };
		7F0098601F4B3CE600F9B7C4 /* Assets.xcassets in Resources */ = {isa = PBXBuildFile; fileRef = 7F00985F1F4B3CE600F9B7C4 /* Assets.xcassets */; };
		7F0098631F4B3CE600F9B7C4 /* LaunchScreen.storyboard in Resources */ = {isa = PBXBuildFile; fileRef = 7F0098611F4B3CE600F9B7C4 /* LaunchScreen.storyboard */; };
		7F0C989B2270737F00FBADEE /* GlobalPositionTableViewController.swift in Sources */ = {isa = PBXBuildFile; fileRef = 7F0C989A2270737F00FBADEE /* GlobalPositionTableViewController.swift */; };
		7F0C989E22707F4000FBADEE /* MainTableViewCell.swift in Sources */ = {isa = PBXBuildFile; fileRef = 7F0C989C22707F4000FBADEE /* MainTableViewCell.swift */; };
		7F0C989F22707F4000FBADEE /* MainTableViewCell.xib in Resources */ = {isa = PBXBuildFile; fileRef = 7F0C989D22707F4000FBADEE /* MainTableViewCell.xib */; };
		7F0C98A1227090AE00FBADEE /* UIView+Gradient.swift in Sources */ = {isa = PBXBuildFile; fileRef = 7F0C98A0227090AE00FBADEE /* UIView+Gradient.swift */; };
		7F1672532270C48000343D43 /* SplitViewController.swift in Sources */ = {isa = PBXBuildFile; fileRef = 7F1672522270C48000343D43 /* SplitViewController.swift */; };
		7F2C25E41F7FE8B2009C3671 /* NumerosTipController.swift in Sources */ = {isa = PBXBuildFile; fileRef = 7F2C25E31F7FE8B2009C3671 /* NumerosTipController.swift */; };
		7F4731FF2271C61D0078852C /* UIViewController+ActivityIndicator.swift in Sources */ = {isa = PBXBuildFile; fileRef = 7F4731FE2271C61D0078852C /* UIViewController+ActivityIndicator.swift */; };
		7F4732012271C6680078852C /* UIApplication+TopViewController.swift in Sources */ = {isa = PBXBuildFile; fileRef = 7F4732002271C6680078852C /* UIApplication+TopViewController.swift */; };
		7F490D741F55DBE200FFE063 /* NumerosTipDataModel.swift in Sources */ = {isa = PBXBuildFile; fileRef = 7F490D731F55DBE200FFE063 /* NumerosTipDataModel.swift */; };
		7F72E0F31F4C8D3F001B0DDA /* Network.swift in Sources */ = {isa = PBXBuildFile; fileRef = 7F72E0F21F4C8D3F001B0DDA /* Network.swift */; };
		A4E1E738AE280A844C7E7657 /* Pods_numerosTip.framework in Frameworks */ = {isa = PBXBuildFile; fileRef = FE280881CB0CA8918A458E33 /* Pods_numerosTip.framework */; };
/* End PBXBuildFile section */

/* Begin PBXFileReference section */
		01DD3CF3D08E6A900B2CAB65 /* Pods-numerosTip.debug.xcconfig */ = {isa = PBXFileReference; includeInIndex = 1; lastKnownFileType = text.xcconfig; name = "Pods-numerosTip.debug.xcconfig"; path = "Pods/Target Support Files/Pods-numerosTip/Pods-numerosTip.debug.xcconfig"; sourceTree = "<group>"; };
		6713574020961E750041967B /* TableViewDynamicCell.swift */ = {isa = PBXFileReference; lastKnownFileType = sourcecode.swift; path = TableViewDynamicCell.swift; sourceTree = "<group>"; };
		6713574120961E750041967B /* TableViewDynamicCell.xib */ = {isa = PBXFileReference; lastKnownFileType = file.xib; path = TableViewDynamicCell.xib; sourceTree = "<group>"; };
		67661E21207522C5006FF2BB /* UISearchBar+Extension.swift */ = {isa = PBXFileReference; lastKnownFileType = sourcecode.swift; path = "UISearchBar+Extension.swift"; sourceTree = "<group>"; };
		67661E23207524CF006FF2BB /* UIColor+Extension.swift */ = {isa = PBXFileReference; lastKnownFileType = sourcecode.swift; path = "UIColor+Extension.swift"; sourceTree = "<group>"; };
		676A6C1C208CB31900666164 /* SearchResultsViewController.swift */ = {isa = PBXFileReference; lastKnownFileType = sourcecode.swift; name = SearchResultsViewController.swift; path = ViewControllers/SearchResultsViewController.swift; sourceTree = "<group>"; };
		676B66AE207E55FB00A240E0 /* SearchCollectionViewCell.swift */ = {isa = PBXFileReference; lastKnownFileType = sourcecode.swift; path = SearchCollectionViewCell.swift; sourceTree = "<group>"; };
		676B66AF207E55FB00A240E0 /* SearchCollectionViewCell.xib */ = {isa = PBXFileReference; lastKnownFileType = file.xib; path = SearchCollectionViewCell.xib; sourceTree = "<group>"; };
		67ADA6AE207781BF000E54E7 /* UIDevice+Extension.swift */ = {isa = PBXFileReference; lastKnownFileType = sourcecode.swift; path = "UIDevice+Extension.swift"; sourceTree = "<group>"; };
		67ADA6B020779A5F000E54E7 /* Helper.swift */ = {isa = PBXFileReference; lastKnownFileType = sourcecode.swift; path = Helper.swift; sourceTree = "<group>"; };
		67CDA4BA20920D66008F9BB5 /* String+Extension.swift */ = {isa = PBXFileReference; lastKnownFileType = sourcecode.swift; path = "String+Extension.swift"; sourceTree = "<group>"; };
		67F6A53D207E05C900773BDC /* SearchFeaturesViewController.swift */ = {isa = PBXFileReference; lastKnownFileType = sourcecode.swift; path = SearchFeaturesViewController.swift; sourceTree = "<group>"; };
		7F0098551F4B3CE600F9B7C4 /* numerosTip.app */ = {isa = PBXFileReference; explicitFileType = wrapper.application; includeInIndex = 0; path = numerosTip.app; sourceTree = BUILT_PRODUCTS_DIR; };
		7F0098581F4B3CE600F9B7C4 /* AppDelegate.swift */ = {isa = PBXFileReference; lastKnownFileType = sourcecode.swift; path = AppDelegate.swift; sourceTree = "<group>"; };
		7F00985A1F4B3CE600F9B7C4 /* GlobalPositionViewController.swift */ = {isa = PBXFileReference; lastKnownFileType = sourcecode.swift; path = GlobalPositionViewController.swift; sourceTree = "<group>"; };
		7F00985D1F4B3CE600F9B7C4 /* Base */ = {isa = PBXFileReference; lastKnownFileType = file.storyboard; name = Base; path = Base.lproj/Main.storyboard; sourceTree = "<group>"; };
		7F00985F1F4B3CE600F9B7C4 /* Assets.xcassets */ = {isa = PBXFileReference; lastKnownFileType = folder.assetcatalog; path = Assets.xcassets; sourceTree = "<group>"; };
		7F0098621F4B3CE600F9B7C4 /* Base */ = {isa = PBXFileReference; lastKnownFileType = file.storyboard; name = Base; path = Base.lproj/LaunchScreen.storyboard; sourceTree = "<group>"; };
		7F0098641F4B3CE600F9B7C4 /* Info.plist */ = {isa = PBXFileReference; lastKnownFileType = text.plist.xml; path = Info.plist; sourceTree = "<group>"; };
		7F0C989A2270737F00FBADEE /* GlobalPositionTableViewController.swift */ = {isa = PBXFileReference; lastKnownFileType = sourcecode.swift; path = GlobalPositionTableViewController.swift; sourceTree = "<group>"; };
		7F0C989C22707F4000FBADEE /* MainTableViewCell.swift */ = {isa = PBXFileReference; lastKnownFileType = sourcecode.swift; path = MainTableViewCell.swift; sourceTree = "<group>"; };
		7F0C989D22707F4000FBADEE /* MainTableViewCell.xib */ = {isa = PBXFileReference; lastKnownFileType = file.xib; path = MainTableViewCell.xib; sourceTree = "<group>"; };
		7F0C98A0227090AE00FBADEE /* UIView+Gradient.swift */ = {isa = PBXFileReference; lastKnownFileType = sourcecode.swift; path = "UIView+Gradient.swift"; sourceTree = "<group>"; };
		7F1672522270C48000343D43 /* SplitViewController.swift */ = {isa = PBXFileReference; lastKnownFileType = sourcecode.swift; path = SplitViewController.swift; sourceTree = "<group>"; };
		7F2C25E31F7FE8B2009C3671 /* NumerosTipController.swift */ = {isa = PBXFileReference; lastKnownFileType = sourcecode.swift; path = NumerosTipController.swift; sourceTree = "<group>"; };
		7F4731FE2271C61D0078852C /* UIViewController+ActivityIndicator.swift */ = {isa = PBXFileReference; lastKnownFileType = sourcecode.swift; path = "UIViewController+ActivityIndicator.swift"; sourceTree = "<group>"; };
		7F4732002271C6680078852C /* UIApplication+TopViewController.swift */ = {isa = PBXFileReference; lastKnownFileType = sourcecode.swift; path = "UIApplication+TopViewController.swift"; sourceTree = "<group>"; };
		7F490D731F55DBE200FFE063 /* NumerosTipDataModel.swift */ = {isa = PBXFileReference; fileEncoding = 4; lastKnownFileType = sourcecode.swift; path = NumerosTipDataModel.swift; sourceTree = "<group>"; };
		7F72E0F21F4C8D3F001B0DDA /* Network.swift */ = {isa = PBXFileReference; fileEncoding = 4; lastKnownFileType = sourcecode.swift; path = Network.swift; sourceTree = "<group>"; };
		BC867CA19DB7908F91E7BA50 /* Pods-numerosTip.release.xcconfig */ = {isa = PBXFileReference; includeInIndex = 1; lastKnownFileType = text.xcconfig; name = "Pods-numerosTip.release.xcconfig"; path = "Pods/Target Support Files/Pods-numerosTip/Pods-numerosTip.release.xcconfig"; sourceTree = "<group>"; };
		FE280881CB0CA8918A458E33 /* Pods_numerosTip.framework */ = {isa = PBXFileReference; explicitFileType = wrapper.framework; includeInIndex = 0; path = Pods_numerosTip.framework; sourceTree = BUILT_PRODUCTS_DIR; };
/* End PBXFileReference section */

/* Begin PBXFrameworksBuildPhase section */
		7F0098521F4B3CE600F9B7C4 /* Frameworks */ = {
			isa = PBXFrameworksBuildPhase;
			buildActionMask = 2147483647;
			files = (
				A4E1E738AE280A844C7E7657 /* Pods_numerosTip.framework in Frameworks */,
			);
			runOnlyForDeploymentPostprocessing = 0;
		};
/* End PBXFrameworksBuildPhase section */

/* Begin PBXGroup section */
		67661E20207522AD006FF2BB /* Utils */ = {
			isa = PBXGroup;
			children = (
				67661E21207522C5006FF2BB /* UISearchBar+Extension.swift */,
				67661E23207524CF006FF2BB /* UIColor+Extension.swift */,
				67ADA6AE207781BF000E54E7 /* UIDevice+Extension.swift */,
				67ADA6B020779A5F000E54E7 /* Helper.swift */,
				67CDA4BA20920D66008F9BB5 /* String+Extension.swift */,
				7F0C98A0227090AE00FBADEE /* UIView+Gradient.swift */,
				7F4731FE2271C61D0078852C /* UIViewController+ActivityIndicator.swift */,
				7F4732002271C6680078852C /* UIApplication+TopViewController.swift */,
			);
			path = Utils;
			sourceTree = "<group>";
		};
		67ADA6B220779B20000E54E7 /* TableViews */ = {
			isa = PBXGroup;
			children = (
				676B66AE207E55FB00A240E0 /* SearchCollectionViewCell.swift */,
				676B66AF207E55FB00A240E0 /* SearchCollectionViewCell.xib */,
				6713574020961E750041967B /* TableViewDynamicCell.swift */,
				6713574120961E750041967B /* TableViewDynamicCell.xib */,
				7F0C989C22707F4000FBADEE /* MainTableViewCell.swift */,
				7F0C989D22707F4000FBADEE /* MainTableViewCell.xib */,
			);
			path = TableViews;
			sourceTree = "<group>";
		};
		7F00984C1F4B3CE600F9B7C4 = {
			isa = PBXGroup;
			children = (
				7F0098571F4B3CE600F9B7C4 /* numerosTip */,
				7F0098561F4B3CE600F9B7C4 /* Products */,
				ED0E46CBCAF0874437525C38 /* Pods */,
				E0D236B00F82643A3F16BF51 /* Frameworks */,
			);
			sourceTree = "<group>";
		};
		7F0098561F4B3CE600F9B7C4 /* Products */ = {
			isa = PBXGroup;
			children = (
				7F0098551F4B3CE600F9B7C4 /* numerosTip.app */,
			);
			name = Products;
			sourceTree = "<group>";
		};
		7F0098571F4B3CE600F9B7C4 /* numerosTip */ = {
			isa = PBXGroup;
			children = (
				67ADA6B220779B20000E54E7 /* TableViews */,
				67661E20207522AD006FF2BB /* Utils */,
				7F2C25E51F8123B8009C3671 /* ViewController */,
				7F2C25E21F7FE897009C3671 /* Controller */,
				7F72E0F51F4C8F6D001B0DDA /* Models */,
				7F72E0F41F4C8F64001B0DDA /* Network */,
				7F00985C1F4B3CE600F9B7C4 /* Main.storyboard */,
				7F00985F1F4B3CE600F9B7C4 /* Assets.xcassets */,
				7F0098611F4B3CE600F9B7C4 /* LaunchScreen.storyboard */,
				7F0098581F4B3CE600F9B7C4 /* AppDelegate.swift */,
				7F0098641F4B3CE600F9B7C4 /* Info.plist */,
			);
			path = numerosTip;
			sourceTree = "<group>";
		};
		7F2C25E21F7FE897009C3671 /* Controller */ = {
			isa = PBXGroup;
			children = (
				7F2C25E31F7FE8B2009C3671 /* NumerosTipController.swift */,
			);
			name = Controller;
			sourceTree = "<group>";
		};
		7F2C25E51F8123B8009C3671 /* ViewController */ = {
			isa = PBXGroup;
			children = (
				7F00985A1F4B3CE600F9B7C4 /* GlobalPositionViewController.swift */,
				67F6A53D207E05C900773BDC /* SearchFeaturesViewController.swift */,
				676A6C1C208CB31900666164 /* SearchResultsViewController.swift */,
				7F0C989A2270737F00FBADEE /* GlobalPositionTableViewController.swift */,
				7F1672522270C48000343D43 /* SplitViewController.swift */,
			);
			name = ViewController;
			sourceTree = "<group>";
		};
		7F72E0F41F4C8F64001B0DDA /* Network */ = {
			isa = PBXGroup;
			children = (
				7F72E0F21F4C8D3F001B0DDA /* Network.swift */,
			);
			name = Network;
			sourceTree = "<group>";
		};
		7F72E0F51F4C8F6D001B0DDA /* Models */ = {
			isa = PBXGroup;
			children = (
				7F490D731F55DBE200FFE063 /* NumerosTipDataModel.swift */,
			);
			name = Models;
			sourceTree = "<group>";
		};
		E0D236B00F82643A3F16BF51 /* Frameworks */ = {
			isa = PBXGroup;
			children = (
				FE280881CB0CA8918A458E33 /* Pods_numerosTip.framework */,
			);
			name = Frameworks;
			sourceTree = "<group>";
		};
		ED0E46CBCAF0874437525C38 /* Pods */ = {
			isa = PBXGroup;
			children = (
				01DD3CF3D08E6A900B2CAB65 /* Pods-numerosTip.debug.xcconfig */,
				BC867CA19DB7908F91E7BA50 /* Pods-numerosTip.release.xcconfig */,
			);
			name = Pods;
			sourceTree = "<group>";
		};
/* End PBXGroup section */

/* Begin PBXNativeTarget section */
		7F0098541F4B3CE600F9B7C4 /* numerosTip */ = {
			isa = PBXNativeTarget;
			buildConfigurationList = 7F0098671F4B3CE600F9B7C4 /* Build configuration list for PBXNativeTarget "numerosTip" */;
			buildPhases = (
				4481338DF40F715361ABB22C /* [CP] Check Pods Manifest.lock */,
				7F0098511F4B3CE600F9B7C4 /* Sources */,
				7F0098521F4B3CE600F9B7C4 /* Frameworks */,
				7F0098531F4B3CE600F9B7C4 /* Resources */,
				A51E95B6736044FADA5D8C32 /* [CP] Embed Pods Frameworks */,
			);
			buildRules = (
			);
			dependencies = (
			);
			name = numerosTip;
			productName = numerosTip;
			productReference = 7F0098551F4B3CE600F9B7C4 /* numerosTip.app */;
			productType = "com.apple.product-type.application";
		};
/* End PBXNativeTarget section */

/* Begin PBXProject section */
		7F00984D1F4B3CE600F9B7C4 /* Project object */ = {
			isa = PBXProject;
			attributes = {
				LastSwiftUpdateCheck = 0830;
				LastUpgradeCheck = 0830;
				ORGANIZATIONNAME = "Jared Perez Vega";
				TargetAttributes = {
					7F0098541F4B3CE600F9B7C4 = {
						CreatedOnToolsVersion = 8.3.3;
						DevelopmentTeam = Q2AUK3F279;
						ProvisioningStyle = Automatic;
					};
				};
			};
			buildConfigurationList = 7F0098501F4B3CE600F9B7C4 /* Build configuration list for PBXProject "numerosTip" */;
			compatibilityVersion = "Xcode 3.2";
			developmentRegion = English;
			hasScannedForEncodings = 0;
			knownRegions = (
				English,
				en,
				Base,
			);
			mainGroup = 7F00984C1F4B3CE600F9B7C4;
			productRefGroup = 7F0098561F4B3CE600F9B7C4 /* Products */;
			projectDirPath = "";
			projectRoot = "";
			targets = (
				7F0098541F4B3CE600F9B7C4 /* numerosTip */,
			);
		};
/* End PBXProject section */

/* Begin PBXResourcesBuildPhase section */
		7F0098531F4B3CE600F9B7C4 /* Resources */ = {
			isa = PBXResourcesBuildPhase;
			buildActionMask = 2147483647;
			files = (
				7F0C989F22707F4000FBADEE /* MainTableViewCell.xib in Resources */,
				7F0098631F4B3CE600F9B7C4 /* LaunchScreen.storyboard in Resources */,
				7F0098601F4B3CE600F9B7C4 /* Assets.xcassets in Resources */,
				6713574320961E750041967B /* TableViewDynamicCell.xib in Resources */,
				676B66B1207E55FB00A240E0 /* SearchCollectionViewCell.xib in Resources */,
				7F00985E1F4B3CE600F9B7C4 /* Main.storyboard in Resources */,
			);
			runOnlyForDeploymentPostprocessing = 0;
		};
/* End PBXResourcesBuildPhase section */

/* Begin PBXShellScriptBuildPhase section */
		4481338DF40F715361ABB22C /* [CP] Check Pods Manifest.lock */ = {
			isa = PBXShellScriptBuildPhase;
			buildActionMask = 2147483647;
			files = (
			);
			inputPaths = (
				"${PODS_PODFILE_DIR_PATH}/Podfile.lock",
				"${PODS_ROOT}/Manifest.lock",
			);
			name = "[CP] Check Pods Manifest.lock";
			outputPaths = (
				"$(DERIVED_FILE_DIR)/Pods-numerosTip-checkManifestLockResult.txt",
			);
			runOnlyForDeploymentPostprocessing = 0;
			shellPath = /bin/sh;
			shellScript = "diff \"${PODS_PODFILE_DIR_PATH}/Podfile.lock\" \"${PODS_ROOT}/Manifest.lock\" > /dev/null\nif [ $? != 0 ] ; then\n    # print error to STDERR\n    echo \"error: The sandbox is not in sync with the Podfile.lock. Run 'pod install' or update your CocoaPods installation.\" >&2\n    exit 1\nfi\n# This output is used by Xcode 'outputs' to avoid re-running this script phase.\necho \"SUCCESS\" > \"${SCRIPT_OUTPUT_FILE_0}\"\n";
			showEnvVarsInLog = 0;
		};
		A51E95B6736044FADA5D8C32 /* [CP] Embed Pods Frameworks */ = {
			isa = PBXShellScriptBuildPhase;
			buildActionMask = 2147483647;
			files = (
			);
			inputPaths = (
				"${SRCROOT}/Pods/Target Support Files/Pods-numerosTip/Pods-numerosTip-frameworks.sh",
				"${BUILT_PRODUCTS_DIR}/Alamofire/Alamofire.framework",
				"${BUILT_PRODUCTS_DIR}/SwiftyJSON/SwiftyJSON.framework",
			);
			name = "[CP] Embed Pods Frameworks";
			outputPaths = (
				"${TARGET_BUILD_DIR}/${FRAMEWORKS_FOLDER_PATH}/Alamofire.framework",
				"${TARGET_BUILD_DIR}/${FRAMEWORKS_FOLDER_PATH}/SwiftyJSON.framework",
			);
			runOnlyForDeploymentPostprocessing = 0;
			shellPath = /bin/sh;
			shellScript = "\"${SRCROOT}/Pods/Target Support Files/Pods-numerosTip/Pods-numerosTip-frameworks.sh\"\n";
			showEnvVarsInLog = 0;
		};
/* End PBXShellScriptBuildPhase section */

/* Begin PBXSourcesBuildPhase section */
		7F0098511F4B3CE600F9B7C4 /* Sources */ = {
			isa = PBXSourcesBuildPhase;
			buildActionMask = 2147483647;
			files = (
				7F00985B1F4B3CE600F9B7C4 /* GlobalPositionViewController.swift in Sources */,
				67F6A53E207E05C900773BDC /* SearchFeaturesViewController.swift in Sources */,
				7F490D741F55DBE200FFE063 /* NumerosTipDataModel.swift in Sources */,
				7F0098591F4B3CE600F9B7C4 /* AppDelegate.swift in Sources */,
				676A6C1D208CB31900666164 /* SearchResultsViewController.swift in Sources */,
				7F1672532270C48000343D43 /* SplitViewController.swift in Sources */,
				7F0C989B2270737F00FBADEE /* GlobalPositionTableViewController.swift in Sources */,
				7F72E0F31F4C8D3F001B0DDA /* Network.swift in Sources */,
				67ADA6AF207781BF000E54E7 /* UIDevice+Extension.swift in Sources */,
				7F2C25E41F7FE8B2009C3671 /* NumerosTipController.swift in Sources */,
				676B66B0207E55FB00A240E0 /* SearchCollectionViewCell.swift in Sources */,
				7F0C989E22707F4000FBADEE /* MainTableViewCell.swift in Sources */,
				7F0C98A1227090AE00FBADEE /* UIView+Gradient.swift in Sources */,
				67ADA6B120779A5F000E54E7 /* Helper.swift in Sources */,
				67661E22207522C5006FF2BB /* UISearchBar+Extension.swift in Sources */,
				7F4732012271C6680078852C /* UIApplication+TopViewController.swift in Sources */,
				6713574220961E750041967B /* TableViewDynamicCell.swift in Sources */,
				67CDA4BB20920D66008F9BB5 /* String+Extension.swift in Sources */,
				67661E24207524CF006FF2BB /* UIColor+Extension.swift in Sources */,
				7F4731FF2271C61D0078852C /* UIViewController+ActivityIndicator.swift in Sources */,
			);
			runOnlyForDeploymentPostprocessing = 0;
		};
/* End PBXSourcesBuildPhase section */

/* Begin PBXVariantGroup section */
		7F00985C1F4B3CE600F9B7C4 /* Main.storyboard */ = {
			isa = PBXVariantGroup;
			children = (
				7F00985D1F4B3CE600F9B7C4 /* Base */,
			);
			name = Main.storyboard;
			sourceTree = "<group>";
		};
		7F0098611F4B3CE600F9B7C4 /* LaunchScreen.storyboard */ = {
			isa = PBXVariantGroup;
			children = (
				7F0098621F4B3CE600F9B7C4 /* Base */,
			);
			name = LaunchScreen.storyboard;
			sourceTree = "<group>";
		};
/* End PBXVariantGroup section */

/* Begin XCBuildConfiguration section */
		7F0098651F4B3CE600F9B7C4 /* Debug */ = {
			isa = XCBuildConfiguration;
			buildSettings = {
				ALWAYS_SEARCH_USER_PATHS = NO;
				CLANG_ANALYZER_NONNULL = YES;
				CLANG_ANALYZER_NUMBER_OBJECT_CONVERSION = YES_AGGRESSIVE;
				CLANG_CXX_LANGUAGE_STANDARD = "gnu++0x";
				CLANG_CXX_LIBRARY = "libc++";
				CLANG_ENABLE_MODULES = YES;
				CLANG_ENABLE_OBJC_ARC = YES;
				CLANG_WARN_BOOL_CONVERSION = YES;
				CLANG_WARN_CONSTANT_CONVERSION = YES;
				CLANG_WARN_DIRECT_OBJC_ISA_USAGE = YES_ERROR;
				CLANG_WARN_DOCUMENTATION_COMMENTS = YES;
				CLANG_WARN_EMPTY_BODY = YES;
				CLANG_WARN_ENUM_CONVERSION = YES;
				CLANG_WARN_INFINITE_RECURSION = YES;
				CLANG_WARN_INT_CONVERSION = YES;
				CLANG_WARN_OBJC_ROOT_CLASS = YES_ERROR;
				CLANG_WARN_SUSPICIOUS_MOVE = YES;
				CLANG_WARN_UNREACHABLE_CODE = YES;
				CLANG_WARN__DUPLICATE_METHOD_MATCH = YES;
				"CODE_SIGN_IDENTITY[sdk=iphoneos*]" = "iPhone Developer";
				COPY_PHASE_STRIP = NO;
				DEBUG_INFORMATION_FORMAT = dwarf;
				ENABLE_STRICT_OBJC_MSGSEND = YES;
				ENABLE_TESTABILITY = YES;
				GCC_C_LANGUAGE_STANDARD = gnu99;
				GCC_DYNAMIC_NO_PIC = NO;
				GCC_NO_COMMON_BLOCKS = YES;
				GCC_OPTIMIZATION_LEVEL = 0;
				GCC_PREPROCESSOR_DEFINITIONS = (
					"DEBUG=1",
					"$(inherited)",
				);
				GCC_WARN_64_TO_32_BIT_CONVERSION = YES;
				GCC_WARN_ABOUT_RETURN_TYPE = YES_ERROR;
				GCC_WARN_UNDECLARED_SELECTOR = YES;
				GCC_WARN_UNINITIALIZED_AUTOS = YES_AGGRESSIVE;
				GCC_WARN_UNUSED_FUNCTION = YES;
				GCC_WARN_UNUSED_VARIABLE = YES;
				IPHONEOS_DEPLOYMENT_TARGET = 10.3;
				MTL_ENABLE_DEBUG_INFO = YES;
				ONLY_ACTIVE_ARCH = YES;
				SDKROOT = iphoneos;
				SWIFT_ACTIVE_COMPILATION_CONDITIONS = DEBUG;
				SWIFT_OPTIMIZATION_LEVEL = "-Onone";
			};
			name = Debug;
		};
		7F0098661F4B3CE600F9B7C4 /* Release */ = {
			isa = XCBuildConfiguration;
			buildSettings = {
				ALWAYS_SEARCH_USER_PATHS = NO;
				CLANG_ANALYZER_NONNULL = YES;
				CLANG_ANALYZER_NUMBER_OBJECT_CONVERSION = YES_AGGRESSIVE;
				CLANG_CXX_LANGUAGE_STANDARD = "gnu++0x";
				CLANG_CXX_LIBRARY = "libc++";
				CLANG_ENABLE_MODULES = YES;
				CLANG_ENABLE_OBJC_ARC = YES;
				CLANG_WARN_BOOL_CONVERSION = YES;
				CLANG_WARN_CONSTANT_CONVERSION = YES;
				CLANG_WARN_DIRECT_OBJC_ISA_USAGE = YES_ERROR;
				CLANG_WARN_DOCUMENTATION_COMMENTS = YES;
				CLANG_WARN_EMPTY_BODY = YES;
				CLANG_WARN_ENUM_CONVERSION = YES;
				CLANG_WARN_INFINITE_RECURSION = YES;
				CLANG_WARN_INT_CONVERSION = YES;
				CLANG_WARN_OBJC_ROOT_CLASS = YES_ERROR;
				CLANG_WARN_SUSPICIOUS_MOVE = YES;
				CLANG_WARN_UNREACHABLE_CODE = YES;
				CLANG_WARN__DUPLICATE_METHOD_MATCH = YES;
				"CODE_SIGN_IDENTITY[sdk=iphoneos*]" = "iPhone Developer";
				COPY_PHASE_STRIP = NO;
				DEBUG_INFORMATION_FORMAT = "dwarf-with-dsym";
				ENABLE_NS_ASSERTIONS = NO;
				ENABLE_STRICT_OBJC_MSGSEND = YES;
				GCC_C_LANGUAGE_STANDARD = gnu99;
				GCC_NO_COMMON_BLOCKS = YES;
				GCC_WARN_64_TO_32_BIT_CONVERSION = YES;
				GCC_WARN_ABOUT_RETURN_TYPE = YES_ERROR;
				GCC_WARN_UNDECLARED_SELECTOR = YES;
				GCC_WARN_UNINITIALIZED_AUTOS = YES_AGGRESSIVE;
				GCC_WARN_UNUSED_FUNCTION = YES;
				GCC_WARN_UNUSED_VARIABLE = YES;
				IPHONEOS_DEPLOYMENT_TARGET = 10.3;
				MTL_ENABLE_DEBUG_INFO = NO;
				SDKROOT = iphoneos;
				SWIFT_OPTIMIZATION_LEVEL = "-Owholemodule";
				VALIDATE_PRODUCT = YES;
			};
			name = Release;
		};
		7F0098681F4B3CE600F9B7C4 /* Debug */ = {
			isa = XCBuildConfiguration;
			baseConfigurationReference = 01DD3CF3D08E6A900B2CAB65 /* Pods-numerosTip.debug.xcconfig */;
			buildSettings = {
				ASSETCATALOG_COMPILER_APPICON_NAME = AppIcon;
				DEVELOPMENT_TEAM = Q2AUK3F279;
				INFOPLIST_FILE = numerosTip/Info.plist;
				IPHONEOS_DEPLOYMENT_TARGET = 10.0;
				LD_RUNPATH_SEARCH_PATHS = "$(inherited) @executable_path/Frameworks";
				PRODUCT_BUNDLE_IDENTIFIER = jpv.ulpgc.es.numerosTip;
				PRODUCT_NAME = "$(TARGET_NAME)";
				SWIFT_VERSION = 4.0;
				TARGETED_DEVICE_FAMILY = "1,2";
			};
			name = Debug;
		};
		7F0098691F4B3CE600F9B7C4 /* Release */ = {
			isa = XCBuildConfiguration;
			baseConfigurationReference = BC867CA19DB7908F91E7BA50 /* Pods-numerosTip.release.xcconfig */;
			buildSettings = {
				ASSETCATALOG_COMPILER_APPICON_NAME = AppIcon;
				DEVELOPMENT_TEAM = Q2AUK3F279;
				INFOPLIST_FILE = numerosTip/Info.plist;
				IPHONEOS_DEPLOYMENT_TARGET = 10.0;
				LD_RUNPATH_SEARCH_PATHS = "$(inherited) @executable_path/Frameworks";
				PRODUCT_BUNDLE_IDENTIFIER = jpv.ulpgc.es.numerosTip;
				PRODUCT_NAME = "$(TARGET_NAME)";
				SWIFT_VERSION = 4.0;
				TARGETED_DEVICE_FAMILY = "1,2";
			};
			name = Release;
		};
/* End XCBuildConfiguration section */

/* Begin XCConfigurationList section */
		7F0098501F4B3CE600F9B7C4 /* Build configuration list for PBXProject "numerosTip" */ = {
			isa = XCConfigurationList;
			buildConfigurations = (
				7F0098651F4B3CE600F9B7C4 /* Debug */,
				7F0098661F4B3CE600F9B7C4 /* Release */,
			);
			defaultConfigurationIsVisible = 0;
			defaultConfigurationName = Release;
		};
		7F0098671F4B3CE600F9B7C4 /* Build configuration list for PBXNativeTarget "numerosTip" */ = {
			isa = XCConfigurationList;
			buildConfigurations = (
				7F0098681F4B3CE600F9B7C4 /* Debug */,
				7F0098691F4B3CE600F9B7C4 /* Release */,
			);
			defaultConfigurationIsVisible = 0;
			defaultConfigurationName = Release;
		};
/* End XCConfigurationList section */
	};
	rootObject = 7F00984D1F4B3CE600F9B7C4 /* Project object */;
}
